
Microsoft Visual Studio Solution File, Format Version 12.00
# Visual Studio Version 17
VisualStudioVersion = 17.10.35027.167
MinimumVisualStudioVersion = 10.0.40219.1
Project("{9A19103F-16F7-4668-BE54-9A1E7A4F7556}") = "HotelListing.API", "HotelListing.API\HotelListing.API.csproj", "{77E34B8C-81DA-43F9-8748-A4A2305ACB0A}"
EndProject
Project("{9A19103F-16F7-4668-BE54-9A1E7A4F7556}") = "HotelListingAPI.VSCode", "..\HotelListAPI.VSCode\HotelListingAPI.VSCode\HotelListingAPI.VSCode.csproj", "{993C9426-1A9D-4390-B952-E4F312AC712F}"
EndProject
Project("{9A19103F-16F7-4668-BE54-9A1E7A4F7556}") = "HotelListing.MinimalAPI", "..\HotelListing.MinimalAPI\HotelListing.MinimalAPI\HotelListing.MinimalAPI.csproj", "{779543A7-2EC8-439E-B172-31DE45736206}"
EndProject
Global
	GlobalSection(SolutionConfigurationPlatforms) = preSolution
		Debug|Any CPU = Debug|Any CPU
		Release|Any CPU = Release|Any CPU
	EndGlobalSection
	GlobalSection(ProjectConfigurationPlatforms) = postSolution
		{77E34B8C-81DA-43F9-8748-A4A2305ACB0A}.Debug|Any CPU.ActiveCfg = Debug|Any CPU
		{77E34B8C-81DA-43F9-8748-A4A2305ACB0A}.Debug|Any CPU.Build.0 = Debug|Any CPU
		{77E34B8C-81DA-43F9-8748-A4A2305ACB0A}.Release|Any CPU.ActiveCfg = Release|Any CPU
		{77E34B8C-81DA-43F9-8748-A4A2305ACB0A}.Release|Any CPU.Build.0 = Release|Any CPU
		{993C9426-1A9D-4390-B952-E4F312AC712F}.Debug|Any CPU.ActiveCfg = Debug|Any CPU
		{993C9426-1A9D-4390-B952-E4F312AC712F}.Debug|Any CPU.Build.0 = Debug|Any CPU
		{993C9426-1A9D-4390-B952-E4F312AC712F}.Release|Any CPU.ActiveCfg = Release|Any CPU
		{993C9426-1A9D-4390-B952-E4F312AC712F}.Release|Any CPU.Build.0 = Release|Any CPU
		{779543A7-2EC8-439E-B172-31DE45736206}.Debug|Any CPU.ActiveCfg = Debug|Any CPU
		{779543A7-2EC8-439E-B172-31DE45736206}.Debug|Any CPU.Build.0 = Debug|Any CPU
		{779543A7-2EC8-439E-B172-31DE45736206}.Release|Any CPU.ActiveCfg = Release|Any CPU
		{779543A7-2EC8-439E-B172-31DE45736206}.Release|Any CPU.Build.0 = Release|Any CPU
	EndGlobalSection
	GlobalSection(SolutionProperties) = preSolution
		HideSolutionNode = FALSE
	EndGlobalSection
	GlobalSection(ExtensibilityGlobals) = postSolution
		SolutionGuid = {514EC93F-7589-40C9-B92B-AA3A53179D09}
	EndGlobalSection
EndGlobal
